DEPENDENCIES
  dd-agent-builder
    path: .
    metadata: true

GRAPH
  build-essential (8.0.4)
    mingw (>= 1.1)
    seven_zip (>= 0.0.0)
  chef-ingredient (2.2.1)
  chef-sugar (4.0.0)
  dd-agent-builder (0.1.0)
    omnibus (~> 5.1.0)
    windows (~> 2.1.1)
    wix (~> 4.0.0)
  git (8.0.0)
    build-essential (>= 0.0.0)
    homebrew (>= 0.0.0)
  homebrew (4.3.0)
  mingw (2.0.1)
    seven_zip (>= 0.0.0)
  ohai (5.2.1)
  omnibus (5.1.7)
    build-essential (>= 6.0.0)
    chef-ingredient (>= 0.21.4)
    chef-sugar (>= 3.2.0)
    git (>= 0.0.0)
    homebrew (>= 0.0.0)
    remote_install (>= 0.0.0)
    seven_zip (>= 0.0.0)
    windows (>= 0.0.0)
    windows-sdk (>= 0.0.0)
    wix (>= 0.0.0)
  remote_install (2.0.0)
  seven_zip (2.0.2)
    windows (>= 1.2.2)
  windows (2.1.1)
    ohai (>= 4.0.0)
  windows-sdk (1.1.0)
  wix (4.0.0)
    windows (>= 2.0)
